
Microsoft Visual Studio Solution File, Format Version 12.00
# Visual Studio Version 17
VisualStudioVersion = 17.2.32519.379
MinimumVisualStudioVersion = 10.0.40219.1
Project("{FAE04EC0-301F-11D3-BF4B-00C04F79EFBC}") = "Project Nik", "Project Nik\Project Nik.csproj", "{3A964ACB-667C-4401-A01A-5BF7CB862A88}"
EndProject
Project("{2150E333-8FDC-42A3-9474-1A3956D46DE8}") = "Solution Items", "Solution Items", "{8938727B-7654-4A25-99F7-23B3252DE6E7}"
	ProjectSection(SolutionItems) = preProject
		TextFile1.txt = TextFile1.txt
	EndProjectSection
EndProject
Global
	GlobalSection(SolutionConfigurationPlatforms) = preSolution
		Debug|Any CPU = Debug|Any CPU
		Release|Any CPU = Release|Any CPU
	EndGlobalSection
	GlobalSection(ProjectConfigurationPlatforms) = postSolution
		{3A964ACB-667C-4401-A01A-5BF7CB862A88}.Debug|Any CPU.ActiveCfg = Debug|Any CPU
		{3A964ACB-667C-4401-A01A-5BF7CB862A88}.Debug|Any CPU.Build.0 = Debug|Any CPU
		{3A964ACB-667C-4401-A01A-5BF7CB862A88}.Release|Any CPU.ActiveCfg = Release|Any CPU
		{3A964ACB-667C-4401-A01A-5BF7CB862A88}.Release|Any CPU.Build.0 = Release|Any CPU
	EndGlobalSection
	GlobalSection(SolutionProperties) = preSolution
		HideSolutionNode = FALSE
	EndGlobalSection
	GlobalSection(ExtensibilityGlobals) = postSolution
		SolutionGuid = {2F5D83CC-20EB-45B6-870F-2A485B37F20E}
	EndGlobalSection
EndGlobal
